
Microsoft Visual Studio Solution File, Format Version 12.00
# Visual Studio Version 16
VisualStudioVersion = 16.0.30011.22
MinimumVisualStudioVersion = 10.0.40219.1
Project("{9A19103F-16F7-4668-BE54-9A1E7A4F7556}") = "TestAPIWithHanaGenericRepository", "TestAPIWithHanaGenericRepository\TestAPIWithHanaGenericRepository.csproj", "{49339614-B41F-494F-A639-B32D0B501A85}"
EndProject
Global
	GlobalSection(SolutionConfigurationPlatforms) = preSolution
		Debug|Any CPU = Debug|Any CPU
		Release|Any CPU = Release|Any CPU
	EndGlobalSection
	GlobalSection(ProjectConfigurationPlatforms) = postSolution
		{49339614-B41F-494F-A639-B32D0B501A85}.Debug|Any CPU.ActiveCfg = Debug|Any CPU
		{49339614-B41F-494F-A639-B32D0B501A85}.Debug|Any CPU.Build.0 = Debug|Any CPU
		{49339614-B41F-494F-A639-B32D0B501A85}.Release|Any CPU.ActiveCfg = Release|Any CPU
		{49339614-B41F-494F-A639-B32D0B501A85}.Release|Any CPU.Build.0 = Release|Any CPU
	EndGlobalSection
	GlobalSection(SolutionProperties) = preSolution
		HideSolutionNode = FALSE
	EndGlobalSection
	GlobalSection(ExtensibilityGlobals) = postSolution
		SolutionGuid = {56E22568-0190-4B47-A603-C4D8BE5360F7}
	EndGlobalSection
EndGlobal
